{
  "nodes": {
    "base16-schemes": {
      "flake": false,
      "locked": {
        "lastModified": 1689473676,
        "narHash": "sha256-L0RhUr9+W5EPWBpLcmkKpUeCEWRs/kLzVMF3Vao2ZU0=",
        "owner": "tinted-theming",
        "repo": "base16-schemes",
        "rev": "d95123ca6377cd849cfdce92c0a24406b0c6a789",
        "type": "github"
      },
      "original": {
        "owner": "tinted-theming",
        "repo": "base16-schemes",
        "type": "github"
      }
    },
    "conflict-marker": {
      "flake": false,
      "locked": {
        "lastModified": 1667290116,
        "narHash": "sha256-/VEbvm11vXS960CBJD4x4v7C1/UMISmbPkJadzK0TQM=",
        "owner": "rhysd",
        "repo": "conflict-marker.vim",
        "rev": "11a4d42244755505b66b15cd4496a150432eb5e3",
        "type": "github"
      },
      "original": {
        "owner": "rhysd",
        "repo": "conflict-marker.vim",
        "type": "github"
      }
    },
    "flake-utils": {
      "locked": {
        "lastModified": 1659877975,
        "narHash": "sha256-zllb8aq3YO3h8B/U0/J1WBgAL8EX5yWf5pMj3G0NAmc=",
        "owner": "numtide",
        "repo": "flake-utils",
        "rev": "c0e246b9b83f637f4681389ecabcb2681b4f3af0",
        "type": "github"
      },
      "original": {
        "owner": "numtide",
        "repo": "flake-utils",
        "type": "github"
      }
    },
    "home-manager": {
      "inputs": {
        "nixpkgs": [
          "nixpkgs"
        ]
      },
      "locked": {
        "lastModified": 1703527373,
        "narHash": "sha256-AjypRssRtS6F3xkf7rE3/bXkIF2WJOZLbTIspjcE1zM=",
        "owner": "nix-community",
        "repo": "home-manager",
        "rev": "80679ea5074ab7190c4cce478c600057cfb5edae",
        "type": "github"
      },
      "original": {
        "owner": "nix-community",
        "repo": "home-manager",
        "type": "github"
      }
    },
    "indent-blankline": {
      "flake": false,
      "locked": {
        "lastModified": 1703637772,
        "narHash": "sha256-O6uD7dqlMbDt2exxlCdr5rirGJqsw8oL7Iwx12RrpGk=",
        "owner": "lukas-reineke",
        "repo": "indent-blankline.nvim",
        "rev": "5da5546947f3125dfd6aa85ab21074dc83f776d5",
        "type": "github"
      },
      "original": {
        "owner": "lukas-reineke",
        "repo": "indent-blankline.nvim",
        "type": "github"
      }
    },
    "nix-colors": {
      "inputs": {
        "base16-schemes": "base16-schemes",
        "nixpkgs-lib": "nixpkgs-lib"
      },
      "locked": {
        "lastModified": 1695388192,
        "narHash": "sha256-2jelpE7xK+4M7jZNyWL7QYOYegQLYBDQS5bvdo8XRUQ=",
        "owner": "misterio77",
        "repo": "nix-colors",
        "rev": "37227f274b34a3b51649166deb94ce7fec2c6a4c",
        "type": "github"
      },
      "original": {
        "owner": "misterio77",
        "repo": "nix-colors",
        "type": "github"
      }
    },
    "nixgl": {
      "inputs": {
        "flake-utils": "flake-utils",
        "nixpkgs": [
          "nixpkgs"
        ]
      },
      "locked": {
        "lastModified": 1685908677,
        "narHash": "sha256-E4zUPEUFyVWjVm45zICaHRpfGepfkE9Z2OECV9HXfA4=",
        "owner": "guibou",
        "repo": "nixGL",
        "rev": "489d6b095ab9d289fe11af0219a9ff00fe87c7c5",
        "type": "github"
      },
      "original": {
        "owner": "guibou",
        "repo": "nixGL",
        "type": "github"
      }
    },
    "nixpkgs": {
      "locked": {
        "lastModified": 1703499205,
        "narHash": "sha256-lF9rK5mSUfIZJgZxC3ge40tp1gmyyOXZ+lRY3P8bfbg=",
        "owner": "nixos",
        "repo": "nixpkgs",
        "rev": "e1fa12d4f6c6fe19ccb59cac54b5b3f25e160870",
        "type": "github"
      },
      "original": {
        "owner": "nixos",
        "ref": "nixpkgs-unstable",
        "repo": "nixpkgs",
        "type": "github"
      }
    },
    "nixpkgs-lib": {
      "locked": {
        "lastModified": 1694911725,
        "narHash": "sha256-8YqI+YU1DGclEjHsnrrGfqsQg3Wyga1DfTbJrN3Ud0c=",
        "owner": "nix-community",
        "repo": "nixpkgs.lib",
        "rev": "819180647f428a3826bfc917a54449da1e532ce0",
        "type": "github"
      },
      "original": {
        "owner": "nix-community",
        "repo": "nixpkgs.lib",
        "type": "github"
      }
    },
    "nvim-colorizer": {
      "flake": false,
      "locked": {
        "lastModified": 1591879145,
        "narHash": "sha256-6YrnItxExL2C8pNIdLd+hXCjsB2MbZANwWkah6dreD8=",
        "owner": "norcalli",
        "repo": "nvim-colorizer.lua",
        "rev": "36c610a9717cc9ec426a07c8e6bf3b3abcb139d6",
        "type": "github"
      },
      "original": {
        "owner": "norcalli",
        "repo": "nvim-colorizer.lua",
        "type": "github"
      }
    },
    "root": {
      "inputs": {
        "conflict-marker": "conflict-marker",
        "home-manager": "home-manager",
        "indent-blankline": "indent-blankline",
        "nix-colors": "nix-colors",
        "nixgl": "nixgl",
        "nixpkgs": "nixpkgs",
        "nvim-colorizer": "nvim-colorizer",
        "vim-fakeclip": "vim-fakeclip",
        "vim-glaive": "vim-glaive",
        "vim-maximizer": "vim-maximizer",
        "vim-syncopate": "vim-syncopate"
      }
    },
    "vim-fakeclip": {
      "flake": false,
      "locked": {
        "lastModified": 1589922593,
        "narHash": "sha256-CKQeuUb/MCCDWSKklmpImam8Aek/PvH29XDrw3aILss=",
        "owner": "kana",
        "repo": "vim-fakeclip",
        "rev": "59858dabdb55787d7f047c4ab26b45f11ebb533b",
        "type": "github"
      },
      "original": {
        "owner": "kana",
        "repo": "vim-fakeclip",
        "type": "github"
      }
    },
    "vim-glaive": {
      "flake": false,
      "locked": {
        "lastModified": 1667279797,
        "narHash": "sha256-uNDz2MZrzzRXfVbS5yUGoJwa6DMV63yZXO31fMUrDe8=",
        "owner": "google",
        "repo": "vim-glaive",
        "rev": "3c5db8d279f86355914200119e8727a085863fcd",
        "type": "github"
      },
      "original": {
        "owner": "google",
        "repo": "vim-glaive",
        "type": "github"
      }
    },
    "vim-maximizer": {
      "flake": false,
      "locked": {
        "lastModified": 1440196645,
        "narHash": "sha256-+VPcMn4NuxLRpY1nXz7APaXlRQVZD3Y7SprB/hvNKww=",
        "owner": "szw",
        "repo": "vim-maximizer",
        "rev": "2e54952fe91e140a2e69f35f22131219fcd9c5f1",
        "type": "github"
      },
      "original": {
        "owner": "szw",
        "repo": "vim-maximizer",
        "type": "github"
      }
    },
    "vim-syncopate": {
      "flake": false,
      "locked": {
        "lastModified": 1565802082,
        "narHash": "sha256-3eMIz0C2Qf4oN2/RE6MGRlHKfNeWaCKy4xRPfgBEZm0=",
        "owner": "google",
        "repo": "vim-syncopate",
        "rev": "cc68632a72c269e8d75f1f22a6fa588fd5b46e02",
        "type": "github"
      },
      "original": {
        "owner": "google",
        "repo": "vim-syncopate",
        "type": "github"
      }
    }
  },
  "root": "root",
  "version": 7
}
